// !$*UTF8*$!
{
	archiveVersion = 1;
	classes = {
	};
	objectVersion = 52;
	objects = {

/* Begin PBXBuildFile section */
		C62DA75923EC67840088D269 /* AppDelegate.swift in Sources */ = {isa = PBXBuildFile; fileRef = C62DA75823EC67840088D269 /* AppDelegate.swift */; };
		C62DA75B23EC67840088D269 /* SceneDelegate.swift in Sources */ = {isa = PBXBuildFile; fileRef = C62DA75A23EC67840088D269 /* SceneDelegate.swift */; };
		C62DA76223EC67860088D269 /* Assets.xcassets in Resources */ = {isa = PBXBuildFile; fileRef = C62DA76123EC67860088D269 /* Assets.xcassets */; };
		C62DA76523EC67860088D269 /* LaunchScreen.storyboard in Resources */ = {isa = PBXBuildFile; fileRef = C62DA76323EC67860088D269 /* LaunchScreen.storyboard */; };
		C62DA77523EC6B6C0088D269 /* Unit4ReviewTests.swift in Sources */ = {isa = PBXBuildFile; fileRef = C62DA77423EC6B6C0088D269 /* Unit4ReviewTests.swift */; };
		C62DA77D23EC6BC90088D269 /* TopStoriesVC.swift in Sources */ = {isa = PBXBuildFile; fileRef = C62DA77C23EC6BC90088D269 /* TopStoriesVC.swift */; };
		C62DA77F23EC6BF30088D269 /* TabBar.swift in Sources */ = {isa = PBXBuildFile; fileRef = C62DA77E23EC6BF30088D269 /* TabBar.swift */; };
		C681F6E223EC6DEA00BD22CE /* ReadLaterVC.swift in Sources */ = {isa = PBXBuildFile; fileRef = C681F6E123EC6DEA00BD22CE /* ReadLaterVC.swift */; };
		C681F6E423EC6E0B00BD22CE /* SettingsVC.swift in Sources */ = {isa = PBXBuildFile; fileRef = C681F6E323EC6E0B00BD22CE /* SettingsVC.swift */; };
		C681F6E823EC6E6800BD22CE /* TopStoriesView.swift in Sources */ = {isa = PBXBuildFile; fileRef = C681F6E723EC6E6800BD22CE /* TopStoriesView.swift */; };
		C681F6EA23EC6E7500BD22CE /* ReadLaterView.swift in Sources */ = {isa = PBXBuildFile; fileRef = C681F6E923EC6E7500BD22CE /* ReadLaterView.swift */; };
		C681F6EC23EC6E8200BD22CE /* SettingsView.swift in Sources */ = {isa = PBXBuildFile; fileRef = C681F6EB23EC6E8200BD22CE /* SettingsView.swift */; };
		C681F6EF23EC75BF00BD22CE /* TopStoriesCell.swift in Sources */ = {isa = PBXBuildFile; fileRef = C681F6EE23EC75BF00BD22CE /* TopStoriesCell.swift */; };
		C681F6F123EC84F600BD22CE /* TopStories.swift in Sources */ = {isa = PBXBuildFile; fileRef = C681F6F023EC84F600BD22CE /* TopStories.swift */; };
		C681F6F423EC864600BD22CE /* NYTTopStoriesAPIClient.swift in Sources */ = {isa = PBXBuildFile; fileRef = C681F6F323EC864600BD22CE /* NYTTopStoriesAPIClient.swift */; };
		C681F6F723EC866900BD22CE /* ImageKit in Frameworks */ = {isa = PBXBuildFile; productRef = C681F6F623EC866900BD22CE /* ImageKit */; };
/* End PBXBuildFile section */

/* Begin PBXContainerItemProxy section */
		C62DA77723EC6B6C0088D269 /* PBXContainerItemProxy */ = {
			isa = PBXContainerItemProxy;
			containerPortal = C62DA74D23EC67840088D269 /* Project object */;
			proxyType = 1;
			remoteGlobalIDString = C62DA75423EC67840088D269;
			remoteInfo = Unit4Review;
		};
/* End PBXContainerItemProxy section */

/* Begin PBXFileReference section */
		C62DA75523EC67840088D269 /* Unit4Review.app */ = {isa = PBXFileReference; explicitFileType = wrapper.application; includeInIndex = 0; path = Unit4Review.app; sourceTree = BUILT_PRODUCTS_DIR; };
		C62DA75823EC67840088D269 /* AppDelegate.swift */ = {isa = PBXFileReference; lastKnownFileType = sourcecode.swift; path = AppDelegate.swift; sourceTree = "<group>"; };
		C62DA75A23EC67840088D269 /* SceneDelegate.swift */ = {isa = PBXFileReference; lastKnownFileType = sourcecode.swift; path = SceneDelegate.swift; sourceTree = "<group>"; };
		C62DA76123EC67860088D269 /* Assets.xcassets */ = {isa = PBXFileReference; lastKnownFileType = folder.assetcatalog; path = Assets.xcassets; sourceTree = "<group>"; };
		C62DA76423EC67860088D269 /* Base */ = {isa = PBXFileReference; lastKnownFileType = file.storyboard; name = Base; path = Base.lproj/LaunchScreen.storyboard; sourceTree = "<group>"; };
		C62DA76623EC67860088D269 /* Info.plist */ = {isa = PBXFileReference; lastKnownFileType = text.plist.xml; path = Info.plist; sourceTree = "<group>"; };
		C62DA77223EC6B6C0088D269 /* Unit4ReviewTests.xctest */ = {isa = PBXFileReference; explicitFileType = wrapper.cfbundle; includeInIndex = 0; path = Unit4ReviewTests.xctest; sourceTree = BUILT_PRODUCTS_DIR; };
		C62DA77423EC6B6C0088D269 /* Unit4ReviewTests.swift */ = {isa = PBXFileReference; lastKnownFileType = sourcecode.swift; path = Unit4ReviewTests.swift; sourceTree = "<group>"; };
		C62DA77623EC6B6C0088D269 /* Info.plist */ = {isa = PBXFileReference; lastKnownFileType = text.plist.xml; path = Info.plist; sourceTree = "<group>"; };
		C62DA77C23EC6BC90088D269 /* TopStoriesVC.swift */ = {isa = PBXFileReference; lastKnownFileType = sourcecode.swift; path = TopStoriesVC.swift; sourceTree = "<group>"; };
		C62DA77E23EC6BF30088D269 /* TabBar.swift */ = {isa = PBXFileReference; lastKnownFileType = sourcecode.swift; path = TabBar.swift; sourceTree = "<group>"; };
		C681F6E123EC6DEA00BD22CE /* ReadLaterVC.swift */ = {isa = PBXFileReference; lastKnownFileType = sourcecode.swift; path = ReadLaterVC.swift; sourceTree = "<group>"; };
		C681F6E323EC6E0B00BD22CE /* SettingsVC.swift */ = {isa = PBXFileReference; lastKnownFileType = sourcecode.swift; path = SettingsVC.swift; sourceTree = "<group>"; };
		C681F6E723EC6E6800BD22CE /* TopStoriesView.swift */ = {isa = PBXFileReference; lastKnownFileType = sourcecode.swift; path = TopStoriesView.swift; sourceTree = "<group>"; };
		C681F6E923EC6E7500BD22CE /* ReadLaterView.swift */ = {isa = PBXFileReference; lastKnownFileType = sourcecode.swift; path = ReadLaterView.swift; sourceTree = "<group>"; };
		C681F6EB23EC6E8200BD22CE /* SettingsView.swift */ = {isa = PBXFileReference; lastKnownFileType = sourcecode.swift; path = SettingsView.swift; sourceTree = "<group>"; };
		C681F6EE23EC75BF00BD22CE /* TopStoriesCell.swift */ = {isa = PBXFileReference; lastKnownFileType = sourcecode.swift; path = TopStoriesCell.swift; sourceTree = "<group>"; };
		C681F6F023EC84F600BD22CE /* TopStories.swift */ = {isa = PBXFileReference; lastKnownFileType = sourcecode.swift; path = TopStories.swift; sourceTree = "<group>"; };
		C681F6F323EC864600BD22CE /* NYTTopStoriesAPIClient.swift */ = {isa = PBXFileReference; lastKnownFileType = sourcecode.swift; path = NYTTopStoriesAPIClient.swift; sourceTree = "<group>"; };
/* End PBXFileReference section */

/* Begin PBXFrameworksBuildPhase section */
		C62DA75223EC67840088D269 /* Frameworks */ = {
			isa = PBXFrameworksBuildPhase;
			buildActionMask = 2147483647;
			files = (
				C681F6F723EC866900BD22CE /* ImageKit in Frameworks */,
			);
			runOnlyForDeploymentPostprocessing = 0;
		};
		C62DA76F23EC6B6C0088D269 /* Frameworks */ = {
			isa = PBXFrameworksBuildPhase;
			buildActionMask = 2147483647;
			files = (
			);
			runOnlyForDeploymentPostprocessing = 0;
		};
/* End PBXFrameworksBuildPhase section */

/* Begin PBXGroup section */
		C62DA74C23EC67840088D269 = {
			isa = PBXGroup;
			children = (
				C62DA75723EC67840088D269 /* Unit4Review */,
				C62DA77323EC6B6C0088D269 /* Unit4ReviewTests */,
				C62DA75623EC67840088D269 /* Products */,
			);
			sourceTree = "<group>";
		};
		C62DA75623EC67840088D269 /* Products */ = {
			isa = PBXGroup;
			children = (
				C62DA75523EC67840088D269 /* Unit4Review.app */,
				C62DA77223EC6B6C0088D269 /* Unit4ReviewTests.xctest */,
			);
			name = Products;
			sourceTree = "<group>";
		};
		C62DA75723EC67840088D269 /* Unit4Review */ = {
			isa = PBXGroup;
			children = (
				C681F6E523EC6E0F00BD22CE /* SupportingFiles */,
				C681F6F223EC861D00BD22CE /* Network Services */,
				C681F6E623EC6E3100BD22CE /* Model */,
				C681F6E023EC6DB900BD22CE /* Views */,
				C681F6ED23EC755800BD22CE /* Cells */,
				C62DA78023EC6C0B0088D269 /* Controllers */,
				C62DA76123EC67860088D269 /* Assets.xcassets */,
				C62DA76323EC67860088D269 /* LaunchScreen.storyboard */,
				C62DA76623EC67860088D269 /* Info.plist */,
			);
			path = Unit4Review;
			sourceTree = "<group>";
		};
		C62DA77323EC6B6C0088D269 /* Unit4ReviewTests */ = {
			isa = PBXGroup;
			children = (
				C62DA77423EC6B6C0088D269 /* Unit4ReviewTests.swift */,
				C62DA77623EC6B6C0088D269 /* Info.plist */,
			);
			path = Unit4ReviewTests;
			sourceTree = "<group>";
		};
		C62DA78023EC6C0B0088D269 /* Controllers */ = {
			isa = PBXGroup;
			children = (
				C62DA77E23EC6BF30088D269 /* TabBar.swift */,
				C62DA77C23EC6BC90088D269 /* TopStoriesVC.swift */,
				C681F6E123EC6DEA00BD22CE /* ReadLaterVC.swift */,
				C681F6E323EC6E0B00BD22CE /* SettingsVC.swift */,
			);
			path = Controllers;
			sourceTree = "<group>";
		};
		C681F6E023EC6DB900BD22CE /* Views */ = {
			isa = PBXGroup;
			children = (
				C681F6E723EC6E6800BD22CE /* TopStoriesView.swift */,
				C681F6E923EC6E7500BD22CE /* ReadLaterView.swift */,
				C681F6EB23EC6E8200BD22CE /* SettingsView.swift */,
			);
			path = Views;
			sourceTree = "<group>";
		};
		C681F6E523EC6E0F00BD22CE /* SupportingFiles */ = {
			isa = PBXGroup;
			children = (
				C62DA75823EC67840088D269 /* AppDelegate.swift */,
				C62DA75A23EC67840088D269 /* SceneDelegate.swift */,
			);
			path = SupportingFiles;
			sourceTree = "<group>";
		};
		C681F6E623EC6E3100BD22CE /* Model */ = {
			isa = PBXGroup;
			children = (
				C681F6F023EC84F600BD22CE /* TopStories.swift */,
			);
			path = Model;
			sourceTree = "<group>";
		};
		C681F6ED23EC755800BD22CE /* Cells */ = {
			isa = PBXGroup;
			children = (
				C681F6EE23EC75BF00BD22CE /* TopStoriesCell.swift */,
			);
			path = Cells;
			sourceTree = "<group>";
		};
		C681F6F223EC861D00BD22CE /* Network Services */ = {
			isa = PBXGroup;
			children = (
				C681F6F323EC864600BD22CE /* NYTTopStoriesAPIClient.swift */,
			);
			path = "Network Services";
			sourceTree = "<group>";
		};
/* End PBXGroup section */

/* Begin PBXNativeTarget section */
		C62DA75423EC67840088D269 /* Unit4Review */ = {
			isa = PBXNativeTarget;
			buildConfigurationList = C62DA76923EC67860088D269 /* Build configuration list for PBXNativeTarget "Unit4Review" */;
			buildPhases = (
				C62DA75123EC67840088D269 /* Sources */,
				C62DA75223EC67840088D269 /* Frameworks */,
				C62DA75323EC67840088D269 /* Resources */,
			);
			buildRules = (
			);
			dependencies = (
			);
			name = Unit4Review;
			packageProductDependencies = (
				C681F6F623EC866900BD22CE /* ImageKit */,
			);
			productName = Unit4Review;
			productReference = C62DA75523EC67840088D269 /* Unit4Review.app */;
			productType = "com.apple.product-type.application";
		};
		C62DA77123EC6B6C0088D269 /* Unit4ReviewTests */ = {
			isa = PBXNativeTarget;
			buildConfigurationList = C62DA77923EC6B6D0088D269 /* Build configuration list for PBXNativeTarget "Unit4ReviewTests" */;
			buildPhases = (
				C62DA76E23EC6B6C0088D269 /* Sources */,
				C62DA76F23EC6B6C0088D269 /* Frameworks */,
				C62DA77023EC6B6C0088D269 /* Resources */,
			);
			buildRules = (
			);
			dependencies = (
				C62DA77823EC6B6C0088D269 /* PBXTargetDependency */,
			);
			name = Unit4ReviewTests;
			productName = Unit4ReviewTests;
			productReference = C62DA77223EC6B6C0088D269 /* Unit4ReviewTests.xctest */;
			productType = "com.apple.product-type.bundle.unit-test";
		};
/* End PBXNativeTarget section */

/* Begin PBXProject section */
		C62DA74D23EC67840088D269 /* Project object */ = {
			isa = PBXProject;
			attributes = {
				LastSwiftUpdateCheck = 1130;
				LastUpgradeCheck = 1130;
				ORGANIZATIONNAME = "casandra grullon";
				TargetAttributes = {
					C62DA75423EC67840088D269 = {
						CreatedOnToolsVersion = 11.3.1;
					};
					C62DA77123EC6B6C0088D269 = {
						CreatedOnToolsVersion = 11.3.1;
						TestTargetID = C62DA75423EC67840088D269;
					};
				};
			};
			buildConfigurationList = C62DA75023EC67840088D269 /* Build configuration list for PBXProject "Unit4Review" */;
			compatibilityVersion = "Xcode 9.3";
			developmentRegion = en;
			hasScannedForEncodings = 0;
			knownRegions = (
				en,
				Base,
			);
			mainGroup = C62DA74C23EC67840088D269;
			packageReferences = (
				C681F6F523EC866900BD22CE /* XCRemoteSwiftPackageReference "ImageKit" */,
			);
			productRefGroup = C62DA75623EC67840088D269 /* Products */;
			projectDirPath = "";
			projectRoot = "";
			targets = (
				C62DA75423EC67840088D269 /* Unit4Review */,
				C62DA77123EC6B6C0088D269 /* Unit4ReviewTests */,
			);
		};
/* End PBXProject section */

/* Begin PBXResourcesBuildPhase section */
		C62DA75323EC67840088D269 /* Resources */ = {
			isa = PBXResourcesBuildPhase;
			buildActionMask = 2147483647;
			files = (
				C62DA76523EC67860088D269 /* LaunchScreen.storyboard in Resources */,
				C62DA76223EC67860088D269 /* Assets.xcassets in Resources */,
			);
			runOnlyForDeploymentPostprocessing = 0;
		};
		C62DA77023EC6B6C0088D269 /* Resources */ = {
			isa = PBXResourcesBuildPhase;
			buildActionMask = 2147483647;
			files = (
			);
			runOnlyForDeploymentPostprocessing = 0;
		};
/* End PBXResourcesBuildPhase section */

/* Begin PBXSourcesBuildPhase section */
		C62DA75123EC67840088D269 /* Sources */ = {
			isa = PBXSourcesBuildPhase;
			buildActionMask = 2147483647;
			files = (
				C62DA75923EC67840088D269 /* AppDelegate.swift in Sources */,
				C62DA77D23EC6BC90088D269 /* TopStoriesVC.swift in Sources */,
				C681F6F123EC84F600BD22CE /* TopStories.swift in Sources */,
				C681F6E223EC6DEA00BD22CE /* ReadLaterVC.swift in Sources */,
				C62DA75B23EC67840088D269 /* SceneDelegate.swift in Sources */,
				C681F6EC23EC6E8200BD22CE /* SettingsView.swift in Sources */,
				C681F6F423EC864600BD22CE /* NYTTopStoriesAPIClient.swift in Sources */,
				C681F6EF23EC75BF00BD22CE /* TopStoriesCell.swift in Sources */,
				C62DA77F23EC6BF30088D269 /* TabBar.swift in Sources */,
				C681F6EA23EC6E7500BD22CE /* ReadLaterView.swift in Sources */,
				C681F6E823EC6E6800BD22CE /* TopStoriesView.swift in Sources */,
				C681F6E423EC6E0B00BD22CE /* SettingsVC.swift in Sources */,
			);
			runOnlyForDeploymentPostprocessing = 0;
		};
		C62DA76E23EC6B6C0088D269 /* Sources */ = {
			isa = PBXSourcesBuildPhase;
			buildActionMask = 2147483647;
			files = (
				C62DA77523EC6B6C0088D269 /* Unit4ReviewTests.swift in Sources */,
			);
			runOnlyForDeploymentPostprocessing = 0;
		};
/* End PBXSourcesBuildPhase section */

/* Begin PBXTargetDependency section */
		C62DA77823EC6B6C0088D269 /* PBXTargetDependency */ = {
			isa = PBXTargetDependency;
			target = C62DA75423EC67840088D269 /* Unit4Review */;
			targetProxy = C62DA77723EC6B6C0088D269 /* PBXContainerItemProxy */;
		};
/* End PBXTargetDependency section */

/* Begin PBXVariantGroup section */
		C62DA76323EC67860088D269 /* LaunchScreen.storyboard */ = {
			isa = PBXVariantGroup;
			children = (
				C62DA76423EC67860088D269 /* Base */,
			);
			name = LaunchScreen.storyboard;
			sourceTree = "<group>";
		};
/* End PBXVariantGroup section */

/* Begin XCBuildConfiguration section */
		C62DA76723EC67860088D269 /* Debug */ = {
			isa = XCBuildConfiguration;
			buildSettings = {
				ALWAYS_SEARCH_USER_PATHS = NO;
				CLANG_ANALYZER_NONNULL = YES;
				CLANG_ANALYZER_NUMBER_OBJECT_CONVERSION = YES_AGGRESSIVE;
				CLANG_CXX_LANGUAGE_STANDARD = "gnu++14";
				CLANG_CXX_LIBRARY = "libc++";
				CLANG_ENABLE_MODULES = YES;
				CLANG_ENABLE_OBJC_ARC = YES;
				CLANG_ENABLE_OBJC_WEAK = YES;
				CLANG_WARN_BLOCK_CAPTURE_AUTORELEASING = YES;
				CLANG_WARN_BOOL_CONVERSION = YES;
				CLANG_WARN_COMMA = YES;
				CLANG_WARN_CONSTANT_CONVERSION = YES;
				CLANG_WARN_DEPRECATED_OBJC_IMPLEMENTATIONS = YES;
				CLANG_WARN_DIRECT_OBJC_ISA_USAGE = YES_ERROR;
				CLANG_WARN_DOCUMENTATION_COMMENTS = YES;
				CLANG_WARN_EMPTY_BODY = YES;
				CLANG_WARN_ENUM_CONVERSION = YES;
				CLANG_WARN_INFINITE_RECURSION = YES;
				CLANG_WARN_INT_CONVERSION = YES;
				CLANG_WARN_NON_LITERAL_NULL_CONVERSION = YES;
				CLANG_WARN_OBJC_IMPLICIT_RETAIN_SELF = YES;
				CLANG_WARN_OBJC_LITERAL_CONVERSION = YES;
				CLANG_WARN_OBJC_ROOT_CLASS = YES_ERROR;
				CLANG_WARN_RANGE_LOOP_ANALYSIS = YES;
				CLANG_WARN_STRICT_PROTOTYPES = YES;
				CLANG_WARN_SUSPICIOUS_MOVE = YES;
				CLANG_WARN_UNGUARDED_AVAILABILITY = YES_AGGRESSIVE;
				CLANG_WARN_UNREACHABLE_CODE = YES;
				CLANG_WARN__DUPLICATE_METHOD_MATCH = YES;
				COPY_PHASE_STRIP = NO;
				DEBUG_INFORMATION_FORMAT = dwarf;
				ENABLE_STRICT_OBJC_MSGSEND = YES;
				ENABLE_TESTABILITY = YES;
				GCC_C_LANGUAGE_STANDARD = gnu11;
				GCC_DYNAMIC_NO_PIC = NO;
				GCC_NO_COMMON_BLOCKS = YES;
				GCC_OPTIMIZATION_LEVEL = 0;
				GCC_PREPROCESSOR_DEFINITIONS = (
					"DEBUG=1",
					"$(inherited)",
				);
				GCC_WARN_64_TO_32_BIT_CONVERSION = YES;
				GCC_WARN_ABOUT_RETURN_TYPE = YES_ERROR;
				GCC_WARN_UNDECLARED_SELECTOR = YES;
				GCC_WARN_UNINITIALIZED_AUTOS = YES_AGGRESSIVE;
				GCC_WARN_UNUSED_FUNCTION = YES;
				GCC_WARN_UNUSED_VARIABLE = YES;
				IPHONEOS_DEPLOYMENT_TARGET = 13.2;
				MTL_ENABLE_DEBUG_INFO = INCLUDE_SOURCE;
				MTL_FAST_MATH = YES;
				ONLY_ACTIVE_ARCH = YES;
				SDKROOT = iphoneos;
				SWIFT_ACTIVE_COMPILATION_CONDITIONS = DEBUG;
				SWIFT_OPTIMIZATION_LEVEL = "-Onone";
			};
			name = Debug;
		};
		C62DA76823EC67860088D269 /* Release */ = {
			isa = XCBuildConfiguration;
			buildSettings = {
				ALWAYS_SEARCH_USER_PATHS = NO;
				CLANG_ANALYZER_NONNULL = YES;
				CLANG_ANALYZER_NUMBER_OBJECT_CONVERSION = YES_AGGRESSIVE;
				CLANG_CXX_LANGUAGE_STANDARD = "gnu++14";
				CLANG_CXX_LIBRARY = "libc++";
				CLANG_ENABLE_MODULES = YES;
				CLANG_ENABLE_OBJC_ARC = YES;
				CLANG_ENABLE_OBJC_WEAK = YES;
				CLANG_WARN_BLOCK_CAPTURE_AUTORELEASING = YES;
				CLANG_WARN_BOOL_CONVERSION = YES;
				CLANG_WARN_COMMA = YES;
				CLANG_WARN_CONSTANT_CONVERSION = YES;
				CLANG_WARN_DEPRECATED_OBJC_IMPLEMENTATIONS = YES;
				CLANG_WARN_DIRECT_OBJC_ISA_USAGE = YES_ERROR;
				CLANG_WARN_DOCUMENTATION_COMMENTS = YES;
				CLANG_WARN_EMPTY_BODY = YES;
				CLANG_WARN_ENUM_CONVERSION = YES;
				CLANG_WARN_INFINITE_RECURSION = YES;
				CLANG_WARN_INT_CONVERSION = YES;
				CLANG_WARN_NON_LITERAL_NULL_CONVERSION = YES;
				CLANG_WARN_OBJC_IMPLICIT_RETAIN_SELF = YES;
				CLANG_WARN_OBJC_LITERAL_CONVERSION = YES;
				CLANG_WARN_OBJC_ROOT_CLASS = YES_ERROR;
				CLANG_WARN_RANGE_LOOP_ANALYSIS = YES;
				CLANG_WARN_STRICT_PROTOTYPES = YES;
				CLANG_WARN_SUSPICIOUS_MOVE = YES;
				CLANG_WARN_UNGUARDED_AVAILABILITY = YES_AGGRESSIVE;
				CLANG_WARN_UNREACHABLE_CODE = YES;
				CLANG_WARN__DUPLICATE_METHOD_MATCH = YES;
				COPY_PHASE_STRIP = NO;
				DEBUG_INFORMATION_FORMAT = "dwarf-with-dsym";
				ENABLE_NS_ASSERTIONS = NO;
				ENABLE_STRICT_OBJC_MSGSEND = YES;
				GCC_C_LANGUAGE_STANDARD = gnu11;
				GCC_NO_COMMON_BLOCKS = YES;
				GCC_WARN_64_TO_32_BIT_CONVERSION = YES;
				GCC_WARN_ABOUT_RETURN_TYPE = YES_ERROR;
				GCC_WARN_UNDECLARED_SELECTOR = YES;
				GCC_WARN_UNINITIALIZED_AUTOS = YES_AGGRESSIVE;
				GCC_WARN_UNUSED_FUNCTION = YES;
				GCC_WARN_UNUSED_VARIABLE = YES;
				IPHONEOS_DEPLOYMENT_TARGET = 13.2;
				MTL_ENABLE_DEBUG_INFO = NO;
				MTL_FAST_MATH = YES;
				SDKROOT = iphoneos;
				SWIFT_COMPILATION_MODE = wholemodule;
				SWIFT_OPTIMIZATION_LEVEL = "-O";
				VALIDATE_PRODUCT = YES;
			};
			name = Release;
		};
		C62DA76A23EC67860088D269 /* Debug */ = {
			isa = XCBuildConfiguration;
			buildSettings = {
				ASSETCATALOG_COMPILER_APPICON_NAME = AppIcon;
				CODE_SIGN_STYLE = Automatic;
				DEVELOPMENT_TEAM = JRUP55ZMLQ;
				INFOPLIST_FILE = Unit4Review/Info.plist;
				LD_RUNPATH_SEARCH_PATHS = (
					"$(inherited)",
					"@executable_path/Frameworks",
				);
				PRODUCT_BUNDLE_IDENTIFIER = com.casandragrullon.Unit4Review;
				PRODUCT_NAME = "$(TARGET_NAME)";
				SWIFT_VERSION = 5.0;
				TARGETED_DEVICE_FAMILY = "1,2";
			};
			name = Debug;
		};
		C62DA76B23EC67860088D269 /* Release */ = {
			isa = XCBuildConfiguration;
			buildSettings = {
				ASSETCATALOG_COMPILER_APPICON_NAME = AppIcon;
				CODE_SIGN_STYLE = Automatic;
				DEVELOPMENT_TEAM = JRUP55ZMLQ;
				INFOPLIST_FILE = Unit4Review/Info.plist;
				LD_RUNPATH_SEARCH_PATHS = (
					"$(inherited)",
					"@executable_path/Frameworks",
				);
				PRODUCT_BUNDLE_IDENTIFIER = com.casandragrullon.Unit4Review;
				PRODUCT_NAME = "$(TARGET_NAME)";
				SWIFT_VERSION = 5.0;
				TARGETED_DEVICE_FAMILY = "1,2";
			};
			name = Release;
		};
		C62DA77A23EC6B6D0088D269 /* Debug */ = {
			isa = XCBuildConfiguration;
			buildSettings = {
				BUNDLE_LOADER = "$(TEST_HOST)";
				CODE_SIGN_STYLE = Automatic;
				DEVELOPMENT_TEAM = JRUP55ZMLQ;
				INFOPLIST_FILE = Unit4ReviewTests/Info.plist;
				LD_RUNPATH_SEARCH_PATHS = (
					"$(inherited)",
					"@executable_path/Frameworks",
					"@loader_path/Frameworks",
				);
				PRODUCT_BUNDLE_IDENTIFIER = com.casandragrullon.Unit4ReviewTests;
				PRODUCT_NAME = "$(TARGET_NAME)";
				SWIFT_VERSION = 5.0;
				TARGETED_DEVICE_FAMILY = "1,2";
				TEST_HOST = "$(BUILT_PRODUCTS_DIR)/Unit4Review.app/Unit4Review";
			};
			name = Debug;
		};
		C62DA77B23EC6B6D0088D269 /* Release */ = {
			isa = XCBuildConfiguration;
			buildSettings = {
				BUNDLE_LOADER = "$(TEST_HOST)";
				CODE_SIGN_STYLE = Automatic;
				DEVELOPMENT_TEAM = JRUP55ZMLQ;
				INFOPLIST_FILE = Unit4ReviewTests/Info.plist;
				LD_RUNPATH_SEARCH_PATHS = (
					"$(inherited)",
					"@executable_path/Frameworks",
					"@loader_path/Frameworks",
				);
				PRODUCT_BUNDLE_IDENTIFIER = com.casandragrullon.Unit4ReviewTests;
				PRODUCT_NAME = "$(TARGET_NAME)";
				SWIFT_VERSION = 5.0;
				TARGETED_DEVICE_FAMILY = "1,2";
				TEST_HOST = "$(BUILT_PRODUCTS_DIR)/Unit4Review.app/Unit4Review";
			};
			name = Release;
		};
/* End XCBuildConfiguration section */

/* Begin XCConfigurationList section */
		C62DA75023EC67840088D269 /* Build configuration list for PBXProject "Unit4Review" */ = {
			isa = XCConfigurationList;
			buildConfigurations = (
				C62DA76723EC67860088D269 /* Debug */,
				C62DA76823EC67860088D269 /* Release */,
			);
			defaultConfigurationIsVisible = 0;
			defaultConfigurationName = Release;
		};
		C62DA76923EC67860088D269 /* Build configuration list for PBXNativeTarget "Unit4Review" */ = {
			isa = XCConfigurationList;
			buildConfigurations = (
				C62DA76A23EC67860088D269 /* Debug */,
				C62DA76B23EC67860088D269 /* Release */,
			);
			defaultConfigurationIsVisible = 0;
			defaultConfigurationName = Release;
		};
		C62DA77923EC6B6D0088D269 /* Build configuration list for PBXNativeTarget "Unit4ReviewTests" */ = {
			isa = XCConfigurationList;
			buildConfigurations = (
				C62DA77A23EC6B6D0088D269 /* Debug */,
				C62DA77B23EC6B6D0088D269 /* Release */,
			);
			defaultConfigurationIsVisible = 0;
			defaultConfigurationName = Release;
		};
/* End XCConfigurationList section */

/* Begin XCRemoteSwiftPackageReference section */
		C681F6F523EC866900BD22CE /* XCRemoteSwiftPackageReference "ImageKit" */ = {
			isa = XCRemoteSwiftPackageReference;
			repositoryURL = "https://github.com/alexpaul/ImageKit";
			requirement = {
				kind = upToNextMajorVersion;
				minimumVersion = 1.0.4;
			};
		};
/* End XCRemoteSwiftPackageReference section */

/* Begin XCSwiftPackageProductDependency section */
		C681F6F623EC866900BD22CE /* ImageKit */ = {
			isa = XCSwiftPackageProductDependency;
			package = C681F6F523EC866900BD22CE /* XCRemoteSwiftPackageReference "ImageKit" */;
			productName = ImageKit;
		};
/* End XCSwiftPackageProductDependency section */
	};
	rootObject = C62DA74D23EC67840088D269 /* Project object */;
}
